{
  "nodes": {
    "badgemaker-master": {
      "inputs": {
        "flakeNimbleLib": [
          "flakeNimbleLib"
        ],
        "nixpkgs": [
          "nixpkgs"
        ],
        "src-badgemaker-master": "src-badgemaker-master"
      },
      "locked": {
        "dir": "master",
        "lastModified": 1667322155,
        "narHash": "sha256-hge+vZEnfFJpzjMg7/UQ/sLMdv0QfsnMbKPNIIF4TVk=",
        "owner": "nim-nix-pkgs",
        "repo": "badgemaker",
        "rev": "5fc8c99859c5ac42946c1160bc67bc3849c7234d",
        "type": "github"
      },
      "original": {
        "dir": "master",
        "owner": "nim-nix-pkgs",
        "ref": "master",
        "repo": "badgemaker",
        "type": "github"
      }
    },
    "flakeNimbleLib": {
      "inputs": {
        "nixpkgs": [
          "nixpkgs"
        ]
      },
      "locked": {
        "lastModified": 1662018438,
        "narHash": "sha256-QtNtU6+LX3Wokxf0zlFwKTFOcn6TeDjKQZ+DA9OYtvM=",
        "owner": "riinr",
        "repo": "nim-flakes-lib",
        "rev": "b1fe8340736e3a85d25c709ac3dfd82a55c03cbf",
        "type": "github"
      },
      "original": {
        "owner": "riinr",
        "ref": "master",
        "repo": "nim-flakes-lib",
        "type": "github"
      }
    },
    "nixpkgs": {
      "locked": {
        "lastModified": 1667199707,
        "narHash": "sha256-I2Js3Y7gUyVSEXPULHlBoRek4Lh85vnevdS6mdvDNLI=",
        "owner": "NixOS",
        "repo": "nixpkgs",
        "rev": "ced197be72099edcfa68ebed8b87af7b04851f45",
        "type": "github"
      },
      "original": {
        "id": "nixpkgs",
        "type": "indirect"
      }
    },
    "root": {
      "inputs": {
        "badgemaker-master": "badgemaker-master",
        "flakeNimbleLib": "flakeNimbleLib",
        "nixpkgs": "nixpkgs"
      }
    },
    "src-badgemaker-master": {
      "flake": false,
      "locked": {
        "lastModified": 1582883798,
        "narHash": "sha256-8btuMHICxtjUxAL05IdqQyqnb9Q1MMvoIiQFesgog6w=",
        "owner": "ethosa",
        "repo": "badgemaker",
        "rev": "5f88cea15689b724ced0a2ce38876766f0de2967",
        "type": "github"
      },
      "original": {
        "owner": "ethosa",
        "ref": "refs/heads/master",
        "repo": "badgemaker",
        "type": "github"
      }
    }
  },
  "root": "root",
  "version": 7
}
